
Microsoft Visual Studio Solution File, Format Version 12.00
# Visual Studio Version 17
VisualStudioVersion = 17.4.33213.308
MinimumVisualStudioVersion = 10.0.40219.1
Project("{9A19103F-16F7-4668-BE54-9A1E7A4F7556}") = "MyFirstHelloWorld", "MyFirstHelloWorld\MyFirstHelloWorld.csproj", "{A5230869-49E9-4804-A8B7-23674D2BEFCE}"
EndProject
Project("{2150E333-8FDC-42A3-9474-1A3956D46DE8}") = "Modul001_Erstes_Beispiel", "Modul001_Erstes_Beispiel", "{D6FDE716-1439-4D62-9C59-95C07CAE7C7E}"
EndProject
Project("{9A19103F-16F7-4668-BE54-9A1E7A4F7556}") = "Modul002_Variablen_Konventierung_Operatoren", "Modul002_Variablen_Konventierung_Operatoren\Modul002_Variablen_Konventierung_Operatoren.csproj", "{E6984EC2-A4F0-410E-B9C7-D9B2ACA8FC50}"
EndProject
Project("{9A19103F-16F7-4668-BE54-9A1E7A4F7556}") = "Modul002_LabSolution", "Modul002_LabSolution\Modul002_LabSolution.csproj", "{3BDCFE9D-A471-463E-BF4D-20A17F07338E}"
EndProject
Project("{2150E333-8FDC-42A3-9474-1A3956D46DE8}") = "Modul002_Variablen", "Modul002_Variablen", "{4364C8D6-A27C-410F-8BED-24BDB044A5A7}"
EndProject
Project("{9A19103F-16F7-4668-BE54-9A1E7A4F7556}") = "Modul003_Array_Conditions", "Modul003_Array_Conditions\Modul003_Array_Conditions.csproj", "{43783B0B-8791-4B22-99CB-58F7B6E28FB4}"
EndProject
Project("{9A19103F-16F7-4668-BE54-9A1E7A4F7556}") = "Modul003_DateTimeIsLeapSampleNET6", "Modul003_DateTimeIsLeapSampleNET6\Modul003_DateTimeIsLeapSampleNET6.csproj", "{FFF79DDB-A88D-4BDE-B26D-B2767051D2D0}"
EndProject
Project("{2150E333-8FDC-42A3-9474-1A3956D46DE8}") = "Modul003_Arrays_IfStatements", "Modul003_Arrays_IfStatements", "{DF218698-C797-4C78-9512-524F25C863E5}"
EndProject
Project("{9A19103F-16F7-4668-BE54-9A1E7A4F7556}") = "Modul004_Schleifen_Enums", "Modul004_Schleifen_Enums\Modul004_Schleifen_Enums.csproj", "{09942914-6C52-45C8-A8BA-80633E1863FF}"
EndProject
Project("{9A19103F-16F7-4668-BE54-9A1E7A4F7556}") = "Wiederholung_und_Extentions_zu_Tag1", "Wiederholung_und_Extentions_zu_Tag1\Wiederholung_und_Extentions_zu_Tag1.csproj", "{442B11D9-176E-4870-AB0E-B5457119895B}"
EndProject
Project("{2150E333-8FDC-42A3-9474-1A3956D46DE8}") = "Modul004_Schleifen und Enums", "Modul004_Schleifen und Enums", "{6EA57E80-952F-4BAB-A15F-88815E54A27A}"
EndProject
Project("{9A19103F-16F7-4668-BE54-9A1E7A4F7556}") = "Modul004_LabSolution", "Modul004_LabSolution\Modul004_LabSolution.csproj", "{3816C663-9A6F-4E5F-9102-F6369D8D1870}"
EndProject
Project("{2150E333-8FDC-42A3-9474-1A3956D46DE8}") = "WiederholungTag1", "WiederholungTag1", "{F812BF8E-D2BE-4A11-BDE7-561930F23F01}"
EndProject
Project("{9A19103F-16F7-4668-BE54-9A1E7A4F7556}") = "Modul005_Funktionen", "Modul005_Funktionen\Modul005_Funktionen.csproj", "{C46B6F43-6428-434E-8E37-DB2FAA64A805}"
EndProject
Project("{9A19103F-16F7-4668-BE54-9A1E7A4F7556}") = "Modul005_LabSolution", "Modul005_LabSolution\Modul005_LabSolution.csproj", "{17E5C9C9-3B15-4361-95BF-50822D146B42}"
EndProject
Project("{2150E333-8FDC-42A3-9474-1A3956D46DE8}") = "Modul005_Funktionen_ReferenzValueTypes", "Modul005_Funktionen_ReferenzValueTypes", "{2F2A03BD-6BD9-4EFE-B1A0-34745D73C227}"
EndProject
Project("{2150E333-8FDC-42A3-9474-1A3956D46DE8}") = "Modul006_Namespaces_Klassen_Felder_Eigenschaften", "Modul006_Namespaces_Klassen_Felder_Eigenschaften", "{FCC73EB3-B6BE-479F-8A71-32EEAB7B6856}"
EndProject
Project("{9A19103F-16F7-4668-BE54-9A1E7A4F7556}") = "DrittanbieterDll", "DrittanbieterDll\DrittanbieterDll.csproj", "{5B2C94D1-26A2-48BA-B649-75E8424516C8}"
EndProject
Project("{9A19103F-16F7-4668-BE54-9A1E7A4F7556}") = "Modul006_Namespace_Demo", "Modul006_Namespace_Demo\Modul006_Namespace_Demo.csproj", "{8550700B-26A0-4444-B53B-C431CCF5D292}"
EndProject
Project("{9A19103F-16F7-4668-BE54-9A1E7A4F7556}") = "Modul006_class_properties_fields_constructor", "Modul006_class_properties_fields_constructor\Modul006_class_properties_fields_constructor.csproj", "{98EA5132-4F26-49DD-9B14-884B6717AA24}"
EndProject
Project("{9A19103F-16F7-4668-BE54-9A1E7A4F7556}") = "Modul006_LabSolution", "Modul006_LabSolution\Modul006_LabSolution.csproj", "{097F4CFC-0715-4CAD-A3AD-E83EF050EEC0}"
EndProject
Project("{9A19103F-16F7-4668-BE54-9A1E7A4F7556}") = "Modul007", "Modul007\Modul007.csproj", "{79EE8627-F485-4691-A198-C640512DA052}"
EndProject
Project("{9A19103F-16F7-4668-BE54-9A1E7A4F7556}") = "Modul007_ReferenceVsValue", "Modul007_ReferenceVsValue\Modul007_ReferenceVsValue.csproj", "{F3919BA8-622E-424A-8429-C9A174DE928F}"
EndProject
Project("{9A19103F-16F7-4668-BE54-9A1E7A4F7556}") = "Modul007_IDisposable", "Modul007_IDisposable\Modul007_IDisposable.csproj", "{EFCCC346-717F-49E8-9802-4D3C63E214D7}"
EndProject
Project("{9A19103F-16F7-4668-BE54-9A1E7A4F7556}") = "Modul007_LabSolution", "Modul007_LabSolution\Modul007_LabSolution.csproj", "{A0125C39-DE6F-4350-8AB4-8FFF35F1B174}"
EndProject
Project("{2150E333-8FDC-42A3-9474-1A3956D46DE8}") = "Modul007_statische Methoden_Variablen", "Modul007_statische Methoden_Variablen", "{97547D0E-EB01-44F7-8D05-98D18FC02056}"
EndProject
Project("{9A19103F-16F7-4668-BE54-9A1E7A4F7556}") = "Modul008_Vererbung", "Modul008_Vererbung\Modul008_Vererbung.csproj", "{00DD8E61-A89A-4B88-A3A0-FF31AFD5DB93}"
EndProject
Project("{9A19103F-16F7-4668-BE54-9A1E7A4F7556}") = "Modul008_Virtual", "Modul008_Virtual\Modul008_Virtual.csproj", "{725BDFBD-30AB-497B-B240-B518391FF13A}"
EndProject
Project("{9A19103F-16F7-4668-BE54-9A1E7A4F7556}") = "NET6ConsolenApp", "NET6ConsolenApp\NET6ConsolenApp.csproj", "{62344658-8BC0-4FBC-88F6-4724CEF64C36}"
EndProject
Project("{9A19103F-16F7-4668-BE54-9A1E7A4F7556}") = "Modul008_Abstract", "Modul008_Abstract\Modul008_Abstract.csproj", "{7DA52446-2458-4D22-B2E7-43C74FFF944E}"
EndProject
Project("{2150E333-8FDC-42A3-9474-1A3956D46DE8}") = "Modul008_09_Verbung", "Modul008_09_Verbung", "{27247479-C250-4C60-8D5A-F39925F0B723}"
EndProject
Project("{9A19103F-16F7-4668-BE54-9A1E7A4F7556}") = "Modul009_Polymorphie", "Modul009_Polymorphie\Modul009_Polymorphie.csproj", "{EA342B3E-F821-4197-B185-6CB1ABDE5E75}"
EndProject
Project("{9A19103F-16F7-4668-BE54-9A1E7A4F7556}") = "Modul010_Interfaces", "Modul010_Interfaces\Modul010_Interfaces.csproj", "{A8F69030-E29E-43CF-8038-7473EC48BB99}"
EndProject
Project("{9A19103F-16F7-4668-BE54-9A1E7A4F7556}") = "WiederholungTag3", "WiederholungTag3\WiederholungTag3.csproj", "{E078CC61-B66B-4458-99FB-3FDC402BE68F}"
EndProject
Project("{2150E333-8FDC-42A3-9474-1A3956D46DE8}") = "Modul009_Polymophism", "Modul009_Polymophism", "{59F10B6F-0194-4339-8D07-5E0188C11909}"
EndProject
Project("{2150E333-8FDC-42A3-9474-1A3956D46DE8}") = "Modul010_Interface", "Modul010_Interface", "{80224E34-4F5C-4B86-874B-45CA98B019EA}"
EndProject
Project("{9A19103F-16F7-4668-BE54-9A1E7A4F7556}") = "Modul008_LabSolution", "Modul008_LabSolution\Modul008_LabSolution.csproj", "{2742C92F-BF04-4048-99BA-3263C483917F}"
EndProject
Project("{9A19103F-16F7-4668-BE54-9A1E7A4F7556}") = "Modul009LabSolution", "Modul009LabSolution\Modul009LabSolution.csproj", "{10E2BD1A-71F5-4867-AA0C-4EC32B8DAC57}"
EndProject
Project("{2150E333-8FDC-42A3-9474-1A3956D46DE8}") = "Modul011_SOLID", "Modul011_SOLID", "{87FCECD2-0103-4E2E-834D-2B96ED694C37}"
EndProject
Project("{9A19103F-16F7-4668-BE54-9A1E7A4F7556}") = "SingleResponsibilityPrinciple", "SingleResponsibilityPrinciple\SingleResponsibilityPrinciple.csproj", "{A0094829-3406-42FB-BCAD-2A424265E547}"
EndProject
Project("{9A19103F-16F7-4668-BE54-9A1E7A4F7556}") = "OpenClosePrinciple", "OpenClosePrinciple\OpenClosePrinciple.csproj", "{B71217C0-EB6F-4024-BE86-694A9DED7CAA}"
EndProject
Project("{9A19103F-16F7-4668-BE54-9A1E7A4F7556}") = "LizkovischePrinciple", "LizkovischePrinciple\LizkovischePrinciple.csproj", "{D683D59D-4166-4B07-BEEF-42FE5FD65DBD}"
EndProject
Project("{9A19103F-16F7-4668-BE54-9A1E7A4F7556}") = "InterfaceSegregationPrinciple", "InterfaceSegregationPrinciple\InterfaceSegregationPrinciple.csproj", "{B8AA7D4B-2CA8-4B2C-AD3F-4BD093CA991C}"
EndProject
Project("{9A19103F-16F7-4668-BE54-9A1E7A4F7556}") = "DependencyInversion", "DependencyInversion\DependencyInversion.csproj", "{E43BB46E-5AE4-4AA1-B625-012DABED3EEE}"
EndProject
Project("{2150E333-8FDC-42A3-9474-1A3956D46DE8}") = "Modul012_weitereThemen", "Modul012_weitereThemen", "{4E4A3578-E84C-46DA-B46C-E14FFE40E69D}"
EndProject
Project("{9A19103F-16F7-4668-BE54-9A1E7A4F7556}") = "Taschenrechner.Lib", "Taschenrechner.Lib\Taschenrechner.Lib.csproj", "{815FCEF2-B2C7-4E6E-8A8E-3E5C970AD833}"
EndProject
Project("{9A19103F-16F7-4668-BE54-9A1E7A4F7556}") = "Taschenrechner.App", "Taschenrechner.App\Taschenrechner.App.csproj", "{51CC0042-1A11-4D68-93CD-1DF17D7D8B12}"
EndProject
Project("{FAE04EC0-301F-11D3-BF4B-00C04F79EFBC}") = "LinqAndLambdaSample", "LinqAndLambdaSample\LinqAndLambdaSample.csproj", "{85944B57-6A39-4F51-A25D-35A8B986398B}"
EndProject
Project("{FAE04EC0-301F-11D3-BF4B-00C04F79EFBC}") = "UsingSample", "UsingSample\UsingSample.csproj", "{3CBF17B4-F1D4-41EA-8FC6-480722A6885E}"
EndProject
Global
	GlobalSection(SolutionConfigurationPlatforms) = preSolution
		Debug|Any CPU = Debug|Any CPU
		Release|Any CPU = Release|Any CPU
	EndGlobalSection
	GlobalSection(ProjectConfigurationPlatforms) = postSolution
		{A5230869-49E9-4804-A8B7-23674D2BEFCE}.Debug|Any CPU.ActiveCfg = Debug|Any CPU
		{A5230869-49E9-4804-A8B7-23674D2BEFCE}.Debug|Any CPU.Build.0 = Debug|Any CPU
		{A5230869-49E9-4804-A8B7-23674D2BEFCE}.Release|Any CPU.ActiveCfg = Release|Any CPU
		{A5230869-49E9-4804-A8B7-23674D2BEFCE}.Release|Any CPU.Build.0 = Release|Any CPU
		{E6984EC2-A4F0-410E-B9C7-D9B2ACA8FC50}.Debug|Any CPU.ActiveCfg = Debug|Any CPU
		{E6984EC2-A4F0-410E-B9C7-D9B2ACA8FC50}.Debug|Any CPU.Build.0 = Debug|Any CPU
		{E6984EC2-A4F0-410E-B9C7-D9B2ACA8FC50}.Release|Any CPU.ActiveCfg = Release|Any CPU
		{E6984EC2-A4F0-410E-B9C7-D9B2ACA8FC50}.Release|Any CPU.Build.0 = Release|Any CPU
		{3BDCFE9D-A471-463E-BF4D-20A17F07338E}.Debug|Any CPU.ActiveCfg = Debug|Any CPU
		{3BDCFE9D-A471-463E-BF4D-20A17F07338E}.Debug|Any CPU.Build.0 = Debug|Any CPU
		{3BDCFE9D-A471-463E-BF4D-20A17F07338E}.Release|Any CPU.ActiveCfg = Release|Any CPU
		{3BDCFE9D-A471-463E-BF4D-20A17F07338E}.Release|Any CPU.Build.0 = Release|Any CPU
		{43783B0B-8791-4B22-99CB-58F7B6E28FB4}.Debug|Any CPU.ActiveCfg = Debug|Any CPU
		{43783B0B-8791-4B22-99CB-58F7B6E28FB4}.Debug|Any CPU.Build.0 = Debug|Any CPU
		{43783B0B-8791-4B22-99CB-58F7B6E28FB4}.Release|Any CPU.ActiveCfg = Release|Any CPU
		{43783B0B-8791-4B22-99CB-58F7B6E28FB4}.Release|Any CPU.Build.0 = Release|Any CPU
		{FFF79DDB-A88D-4BDE-B26D-B2767051D2D0}.Debug|Any CPU.ActiveCfg = Debug|Any CPU
		{FFF79DDB-A88D-4BDE-B26D-B2767051D2D0}.Debug|Any CPU.Build.0 = Debug|Any CPU
		{FFF79DDB-A88D-4BDE-B26D-B2767051D2D0}.Release|Any CPU.ActiveCfg = Release|Any CPU
		{FFF79DDB-A88D-4BDE-B26D-B2767051D2D0}.Release|Any CPU.Build.0 = Release|Any CPU
		{09942914-6C52-45C8-A8BA-80633E1863FF}.Debug|Any CPU.ActiveCfg = Debug|Any CPU
		{09942914-6C52-45C8-A8BA-80633E1863FF}.Debug|Any CPU.Build.0 = Debug|Any CPU
		{09942914-6C52-45C8-A8BA-80633E1863FF}.Release|Any CPU.ActiveCfg = Release|Any CPU
		{09942914-6C52-45C8-A8BA-80633E1863FF}.Release|Any CPU.Build.0 = Release|Any CPU
		{442B11D9-176E-4870-AB0E-B5457119895B}.Debug|Any CPU.ActiveCfg = Debug|Any CPU
		{442B11D9-176E-4870-AB0E-B5457119895B}.Debug|Any CPU.Build.0 = Debug|Any CPU
		{442B11D9-176E-4870-AB0E-B5457119895B}.Release|Any CPU.ActiveCfg = Release|Any CPU
		{442B11D9-176E-4870-AB0E-B5457119895B}.Release|Any CPU.Build.0 = Release|Any CPU
		{3816C663-9A6F-4E5F-9102-F6369D8D1870}.Debug|Any CPU.ActiveCfg = Debug|Any CPU
		{3816C663-9A6F-4E5F-9102-F6369D8D1870}.Debug|Any CPU.Build.0 = Debug|Any CPU
		{3816C663-9A6F-4E5F-9102-F6369D8D1870}.Release|Any CPU.ActiveCfg = Release|Any CPU
		{3816C663-9A6F-4E5F-9102-F6369D8D1870}.Release|Any CPU.Build.0 = Release|Any CPU
		{C46B6F43-6428-434E-8E37-DB2FAA64A805}.Debug|Any CPU.ActiveCfg = Debug|Any CPU
		{C46B6F43-6428-434E-8E37-DB2FAA64A805}.Debug|Any CPU.Build.0 = Debug|Any CPU
		{C46B6F43-6428-434E-8E37-DB2FAA64A805}.Release|Any CPU.ActiveCfg = Release|Any CPU
		{C46B6F43-6428-434E-8E37-DB2FAA64A805}.Release|Any CPU.Build.0 = Release|Any CPU
		{17E5C9C9-3B15-4361-95BF-50822D146B42}.Debug|Any CPU.ActiveCfg = Debug|Any CPU
		{17E5C9C9-3B15-4361-95BF-50822D146B42}.Debug|Any CPU.Build.0 = Debug|Any CPU
		{17E5C9C9-3B15-4361-95BF-50822D146B42}.Release|Any CPU.ActiveCfg = Release|Any CPU
		{17E5C9C9-3B15-4361-95BF-50822D146B42}.Release|Any CPU.Build.0 = Release|Any CPU
		{5B2C94D1-26A2-48BA-B649-75E8424516C8}.Debug|Any CPU.ActiveCfg = Debug|Any CPU
		{5B2C94D1-26A2-48BA-B649-75E8424516C8}.Debug|Any CPU.Build.0 = Debug|Any CPU
		{5B2C94D1-26A2-48BA-B649-75E8424516C8}.Release|Any CPU.ActiveCfg = Release|Any CPU
		{5B2C94D1-26A2-48BA-B649-75E8424516C8}.Release|Any CPU.Build.0 = Release|Any CPU
		{8550700B-26A0-4444-B53B-C431CCF5D292}.Debug|Any CPU.ActiveCfg = Debug|Any CPU
		{8550700B-26A0-4444-B53B-C431CCF5D292}.Debug|Any CPU.Build.0 = Debug|Any CPU
		{8550700B-26A0-4444-B53B-C431CCF5D292}.Release|Any CPU.ActiveCfg = Release|Any CPU
		{8550700B-26A0-4444-B53B-C431CCF5D292}.Release|Any CPU.Build.0 = Release|Any CPU
		{98EA5132-4F26-49DD-9B14-884B6717AA24}.Debug|Any CPU.ActiveCfg = Debug|Any CPU
		{98EA5132-4F26-49DD-9B14-884B6717AA24}.Debug|Any CPU.Build.0 = Debug|Any CPU
		{98EA5132-4F26-49DD-9B14-884B6717AA24}.Release|Any CPU.ActiveCfg = Release|Any CPU
		{98EA5132-4F26-49DD-9B14-884B6717AA24}.Release|Any CPU.Build.0 = Release|Any CPU
		{097F4CFC-0715-4CAD-A3AD-E83EF050EEC0}.Debug|Any CPU.ActiveCfg = Debug|Any CPU
		{097F4CFC-0715-4CAD-A3AD-E83EF050EEC0}.Debug|Any CPU.Build.0 = Debug|Any CPU
		{097F4CFC-0715-4CAD-A3AD-E83EF050EEC0}.Release|Any CPU.ActiveCfg = Release|Any CPU
		{097F4CFC-0715-4CAD-A3AD-E83EF050EEC0}.Release|Any CPU.Build.0 = Release|Any CPU
		{79EE8627-F485-4691-A198-C640512DA052}.Debug|Any CPU.ActiveCfg = Debug|Any CPU
		{79EE8627-F485-4691-A198-C640512DA052}.Debug|Any CPU.Build.0 = Debug|Any CPU
		{79EE8627-F485-4691-A198-C640512DA052}.Release|Any CPU.ActiveCfg = Release|Any CPU
		{79EE8627-F485-4691-A198-C640512DA052}.Release|Any CPU.Build.0 = Release|Any CPU
		{F3919BA8-622E-424A-8429-C9A174DE928F}.Debug|Any CPU.ActiveCfg = Debug|Any CPU
		{F3919BA8-622E-424A-8429-C9A174DE928F}.Debug|Any CPU.Build.0 = Debug|Any CPU
		{F3919BA8-622E-424A-8429-C9A174DE928F}.Release|Any CPU.ActiveCfg = Release|Any CPU
		{F3919BA8-622E-424A-8429-C9A174DE928F}.Release|Any CPU.Build.0 = Release|Any CPU
		{EFCCC346-717F-49E8-9802-4D3C63E214D7}.Debug|Any CPU.ActiveCfg = Debug|Any CPU
		{EFCCC346-717F-49E8-9802-4D3C63E214D7}.Debug|Any CPU.Build.0 = Debug|Any CPU
		{EFCCC346-717F-49E8-9802-4D3C63E214D7}.Release|Any CPU.ActiveCfg = Release|Any CPU
		{EFCCC346-717F-49E8-9802-4D3C63E214D7}.Release|Any CPU.Build.0 = Release|Any CPU
		{A0125C39-DE6F-4350-8AB4-8FFF35F1B174}.Debug|Any CPU.ActiveCfg = Debug|Any CPU
		{A0125C39-DE6F-4350-8AB4-8FFF35F1B174}.Debug|Any CPU.Build.0 = Debug|Any CPU
		{A0125C39-DE6F-4350-8AB4-8FFF35F1B174}.Release|Any CPU.ActiveCfg = Release|Any CPU
		{A0125C39-DE6F-4350-8AB4-8FFF35F1B174}.Release|Any CPU.Build.0 = Release|Any CPU
		{00DD8E61-A89A-4B88-A3A0-FF31AFD5DB93}.Debug|Any CPU.ActiveCfg = Debug|Any CPU
		{00DD8E61-A89A-4B88-A3A0-FF31AFD5DB93}.Debug|Any CPU.Build.0 = Debug|Any CPU
		{00DD8E61-A89A-4B88-A3A0-FF31AFD5DB93}.Release|Any CPU.ActiveCfg = Release|Any CPU
		{00DD8E61-A89A-4B88-A3A0-FF31AFD5DB93}.Release|Any CPU.Build.0 = Release|Any CPU
		{725BDFBD-30AB-497B-B240-B518391FF13A}.Debug|Any CPU.ActiveCfg = Debug|Any CPU
		{725BDFBD-30AB-497B-B240-B518391FF13A}.Debug|Any CPU.Build.0 = Debug|Any CPU
		{725BDFBD-30AB-497B-B240-B518391FF13A}.Release|Any CPU.ActiveCfg = Release|Any CPU
		{725BDFBD-30AB-497B-B240-B518391FF13A}.Release|Any CPU.Build.0 = Release|Any CPU
		{62344658-8BC0-4FBC-88F6-4724CEF64C36}.Debug|Any CPU.ActiveCfg = Debug|Any CPU
		{62344658-8BC0-4FBC-88F6-4724CEF64C36}.Debug|Any CPU.Build.0 = Debug|Any CPU
		{62344658-8BC0-4FBC-88F6-4724CEF64C36}.Release|Any CPU.ActiveCfg = Release|Any CPU
		{62344658-8BC0-4FBC-88F6-4724CEF64C36}.Release|Any CPU.Build.0 = Release|Any CPU
		{7DA52446-2458-4D22-B2E7-43C74FFF944E}.Debug|Any CPU.ActiveCfg = Debug|Any CPU
		{7DA52446-2458-4D22-B2E7-43C74FFF944E}.Debug|Any CPU.Build.0 = Debug|Any CPU
		{7DA52446-2458-4D22-B2E7-43C74FFF944E}.Release|Any CPU.ActiveCfg = Release|Any CPU
		{7DA52446-2458-4D22-B2E7-43C74FFF944E}.Release|Any CPU.Build.0 = Release|Any CPU
		{EA342B3E-F821-4197-B185-6CB1ABDE5E75}.Debug|Any CPU.ActiveCfg = Debug|Any CPU
		{EA342B3E-F821-4197-B185-6CB1ABDE5E75}.Debug|Any CPU.Build.0 = Debug|Any CPU
		{EA342B3E-F821-4197-B185-6CB1ABDE5E75}.Release|Any CPU.ActiveCfg = Release|Any CPU
		{EA342B3E-F821-4197-B185-6CB1ABDE5E75}.Release|Any CPU.Build.0 = Release|Any CPU
		{A8F69030-E29E-43CF-8038-7473EC48BB99}.Debug|Any CPU.ActiveCfg = Debug|Any CPU
		{A8F69030-E29E-43CF-8038-7473EC48BB99}.Debug|Any CPU.Build.0 = Debug|Any CPU
		{A8F69030-E29E-43CF-8038-7473EC48BB99}.Release|Any CPU.ActiveCfg = Release|Any CPU
		{A8F69030-E29E-43CF-8038-7473EC48BB99}.Release|Any CPU.Build.0 = Release|Any CPU
		{E078CC61-B66B-4458-99FB-3FDC402BE68F}.Debug|Any CPU.ActiveCfg = Debug|Any CPU
		{E078CC61-B66B-4458-99FB-3FDC402BE68F}.Debug|Any CPU.Build.0 = Debug|Any CPU
		{E078CC61-B66B-4458-99FB-3FDC402BE68F}.Release|Any CPU.ActiveCfg = Release|Any CPU
		{E078CC61-B66B-4458-99FB-3FDC402BE68F}.Release|Any CPU.Build.0 = Release|Any CPU
		{2742C92F-BF04-4048-99BA-3263C483917F}.Debug|Any CPU.ActiveCfg = Debug|Any CPU
		{2742C92F-BF04-4048-99BA-3263C483917F}.Debug|Any CPU.Build.0 = Debug|Any CPU
		{2742C92F-BF04-4048-99BA-3263C483917F}.Release|Any CPU.ActiveCfg = Release|Any CPU
		{2742C92F-BF04-4048-99BA-3263C483917F}.Release|Any CPU.Build.0 = Release|Any CPU
		{10E2BD1A-71F5-4867-AA0C-4EC32B8DAC57}.Debug|Any CPU.ActiveCfg = Debug|Any CPU
		{10E2BD1A-71F5-4867-AA0C-4EC32B8DAC57}.Debug|Any CPU.Build.0 = Debug|Any CPU
		{10E2BD1A-71F5-4867-AA0C-4EC32B8DAC57}.Release|Any CPU.ActiveCfg = Release|Any CPU
		{10E2BD1A-71F5-4867-AA0C-4EC32B8DAC57}.Release|Any CPU.Build.0 = Release|Any CPU
		{A0094829-3406-42FB-BCAD-2A424265E547}.Debug|Any CPU.ActiveCfg = Debug|Any CPU
		{A0094829-3406-42FB-BCAD-2A424265E547}.Debug|Any CPU.Build.0 = Debug|Any CPU
		{A0094829-3406-42FB-BCAD-2A424265E547}.Release|Any CPU.ActiveCfg = Release|Any CPU
		{A0094829-3406-42FB-BCAD-2A424265E547}.Release|Any CPU.Build.0 = Release|Any CPU
		{B71217C0-EB6F-4024-BE86-694A9DED7CAA}.Debug|Any CPU.ActiveCfg = Debug|Any CPU
		{B71217C0-EB6F-4024-BE86-694A9DED7CAA}.Debug|Any CPU.Build.0 = Debug|Any CPU
		{B71217C0-EB6F-4024-BE86-694A9DED7CAA}.Release|Any CPU.ActiveCfg = Release|Any CPU
		{B71217C0-EB6F-4024-BE86-694A9DED7CAA}.Release|Any CPU.Build.0 = Release|Any CPU
		{D683D59D-4166-4B07-BEEF-42FE5FD65DBD}.Debug|Any CPU.ActiveCfg = Debug|Any CPU
		{D683D59D-4166-4B07-BEEF-42FE5FD65DBD}.Debug|Any CPU.Build.0 = Debug|Any CPU
		{D683D59D-4166-4B07-BEEF-42FE5FD65DBD}.Release|Any CPU.ActiveCfg = Release|Any CPU
		{D683D59D-4166-4B07-BEEF-42FE5FD65DBD}.Release|Any CPU.Build.0 = Release|Any CPU
		{B8AA7D4B-2CA8-4B2C-AD3F-4BD093CA991C}.Debug|Any CPU.ActiveCfg = Debug|Any CPU
		{B8AA7D4B-2CA8-4B2C-AD3F-4BD093CA991C}.Debug|Any CPU.Build.0 = Debug|Any CPU
		{B8AA7D4B-2CA8-4B2C-AD3F-4BD093CA991C}.Release|Any CPU.ActiveCfg = Release|Any CPU
		{B8AA7D4B-2CA8-4B2C-AD3F-4BD093CA991C}.Release|Any CPU.Build.0 = Release|Any CPU
		{E43BB46E-5AE4-4AA1-B625-012DABED3EEE}.Debug|Any CPU.ActiveCfg = Debug|Any CPU
		{E43BB46E-5AE4-4AA1-B625-012DABED3EEE}.Debug|Any CPU.Build.0 = Debug|Any CPU
		{E43BB46E-5AE4-4AA1-B625-012DABED3EEE}.Release|Any CPU.ActiveCfg = Release|Any CPU
		{E43BB46E-5AE4-4AA1-B625-012DABED3EEE}.Release|Any CPU.Build.0 = Release|Any CPU
		{815FCEF2-B2C7-4E6E-8A8E-3E5C970AD833}.Debug|Any CPU.ActiveCfg = Debug|Any CPU
		{815FCEF2-B2C7-4E6E-8A8E-3E5C970AD833}.Debug|Any CPU.Build.0 = Debug|Any CPU
		{815FCEF2-B2C7-4E6E-8A8E-3E5C970AD833}.Release|Any CPU.ActiveCfg = Release|Any CPU
		{815FCEF2-B2C7-4E6E-8A8E-3E5C970AD833}.Release|Any CPU.Build.0 = Release|Any CPU
		{51CC0042-1A11-4D68-93CD-1DF17D7D8B12}.Debug|Any CPU.ActiveCfg = Debug|Any CPU
		{51CC0042-1A11-4D68-93CD-1DF17D7D8B12}.Debug|Any CPU.Build.0 = Debug|Any CPU
		{51CC0042-1A11-4D68-93CD-1DF17D7D8B12}.Release|Any CPU.ActiveCfg = Release|Any CPU
		{51CC0042-1A11-4D68-93CD-1DF17D7D8B12}.Release|Any CPU.Build.0 = Release|Any CPU
		{85944B57-6A39-4F51-A25D-35A8B986398B}.Debug|Any CPU.ActiveCfg = Debug|Any CPU
		{85944B57-6A39-4F51-A25D-35A8B986398B}.Debug|Any CPU.Build.0 = Debug|Any CPU
		{85944B57-6A39-4F51-A25D-35A8B986398B}.Release|Any CPU.ActiveCfg = Release|Any CPU
		{85944B57-6A39-4F51-A25D-35A8B986398B}.Release|Any CPU.Build.0 = Release|Any CPU
		{3CBF17B4-F1D4-41EA-8FC6-480722A6885E}.Debug|Any CPU.ActiveCfg = Debug|Any CPU
		{3CBF17B4-F1D4-41EA-8FC6-480722A6885E}.Debug|Any CPU.Build.0 = Debug|Any CPU
		{3CBF17B4-F1D4-41EA-8FC6-480722A6885E}.Release|Any CPU.ActiveCfg = Release|Any CPU
		{3CBF17B4-F1D4-41EA-8FC6-480722A6885E}.Release|Any CPU.Build.0 = Release|Any CPU
	EndGlobalSection
	GlobalSection(SolutionProperties) = preSolution
		HideSolutionNode = FALSE
	EndGlobalSection
	GlobalSection(NestedProjects) = preSolution
		{A5230869-49E9-4804-A8B7-23674D2BEFCE} = {D6FDE716-1439-4D62-9C59-95C07CAE7C7E}
		{E6984EC2-A4F0-410E-B9C7-D9B2ACA8FC50} = {4364C8D6-A27C-410F-8BED-24BDB044A5A7}
		{3BDCFE9D-A471-463E-BF4D-20A17F07338E} = {4364C8D6-A27C-410F-8BED-24BDB044A5A7}
		{43783B0B-8791-4B22-99CB-58F7B6E28FB4} = {DF218698-C797-4C78-9512-524F25C863E5}
		{FFF79DDB-A88D-4BDE-B26D-B2767051D2D0} = {DF218698-C797-4C78-9512-524F25C863E5}
		{09942914-6C52-45C8-A8BA-80633E1863FF} = {6EA57E80-952F-4BAB-A15F-88815E54A27A}
		{442B11D9-176E-4870-AB0E-B5457119895B} = {F812BF8E-D2BE-4A11-BDE7-561930F23F01}
		{3816C663-9A6F-4E5F-9102-F6369D8D1870} = {6EA57E80-952F-4BAB-A15F-88815E54A27A}
		{C46B6F43-6428-434E-8E37-DB2FAA64A805} = {2F2A03BD-6BD9-4EFE-B1A0-34745D73C227}
		{17E5C9C9-3B15-4361-95BF-50822D146B42} = {2F2A03BD-6BD9-4EFE-B1A0-34745D73C227}
		{5B2C94D1-26A2-48BA-B649-75E8424516C8} = {FCC73EB3-B6BE-479F-8A71-32EEAB7B6856}
		{8550700B-26A0-4444-B53B-C431CCF5D292} = {FCC73EB3-B6BE-479F-8A71-32EEAB7B6856}
		{98EA5132-4F26-49DD-9B14-884B6717AA24} = {FCC73EB3-B6BE-479F-8A71-32EEAB7B6856}
		{097F4CFC-0715-4CAD-A3AD-E83EF050EEC0} = {FCC73EB3-B6BE-479F-8A71-32EEAB7B6856}
		{79EE8627-F485-4691-A198-C640512DA052} = {97547D0E-EB01-44F7-8D05-98D18FC02056}
		{F3919BA8-622E-424A-8429-C9A174DE928F} = {97547D0E-EB01-44F7-8D05-98D18FC02056}
		{EFCCC346-717F-49E8-9802-4D3C63E214D7} = {97547D0E-EB01-44F7-8D05-98D18FC02056}
		{A0125C39-DE6F-4350-8AB4-8FFF35F1B174} = {97547D0E-EB01-44F7-8D05-98D18FC02056}
		{00DD8E61-A89A-4B88-A3A0-FF31AFD5DB93} = {27247479-C250-4C60-8D5A-F39925F0B723}
		{725BDFBD-30AB-497B-B240-B518391FF13A} = {27247479-C250-4C60-8D5A-F39925F0B723}
		{7DA52446-2458-4D22-B2E7-43C74FFF944E} = {27247479-C250-4C60-8D5A-F39925F0B723}
		{EA342B3E-F821-4197-B185-6CB1ABDE5E75} = {59F10B6F-0194-4339-8D07-5E0188C11909}
		{A8F69030-E29E-43CF-8038-7473EC48BB99} = {80224E34-4F5C-4B86-874B-45CA98B019EA}
		{2742C92F-BF04-4048-99BA-3263C483917F} = {27247479-C250-4C60-8D5A-F39925F0B723}
		{10E2BD1A-71F5-4867-AA0C-4EC32B8DAC57} = {59F10B6F-0194-4339-8D07-5E0188C11909}
		{A0094829-3406-42FB-BCAD-2A424265E547} = {87FCECD2-0103-4E2E-834D-2B96ED694C37}
		{B71217C0-EB6F-4024-BE86-694A9DED7CAA} = {87FCECD2-0103-4E2E-834D-2B96ED694C37}
		{D683D59D-4166-4B07-BEEF-42FE5FD65DBD} = {87FCECD2-0103-4E2E-834D-2B96ED694C37}
		{B8AA7D4B-2CA8-4B2C-AD3F-4BD093CA991C} = {87FCECD2-0103-4E2E-834D-2B96ED694C37}
		{E43BB46E-5AE4-4AA1-B625-012DABED3EEE} = {87FCECD2-0103-4E2E-834D-2B96ED694C37}
		{815FCEF2-B2C7-4E6E-8A8E-3E5C970AD833} = {4E4A3578-E84C-46DA-B46C-E14FFE40E69D}
		{51CC0042-1A11-4D68-93CD-1DF17D7D8B12} = {4E4A3578-E84C-46DA-B46C-E14FFE40E69D}
	EndGlobalSection
	GlobalSection(ExtensibilityGlobals) = postSolution
		SolutionGuid = {F9B37FEF-A070-436B-92A0-DC400DA59821}
	EndGlobalSection
EndGlobal
